// !$*UTF8*$!
{
	archiveVersion = 1;
	classes = {
	};
	objectVersion = 77;
	objects = {

/* Begin PBXContainerItemProxy section */
		187EDE1E2F4B9EA000C4E1EC /* PBXContainerItemProxy */ = {
			isa = PBXContainerItemProxy;
			containerPortal = 187EDE082F4B9E9F00C4E1EC /* Project object */;
			proxyType = 1;
			remoteGlobalIDString = 187EDE0F2F4B9E9F00C4E1EC;
			remoteInfo = "WebSocket-E2EE-Chat-iOS";
		};
		187EDE282F4B9EA000C4E1EC /* PBXContainerItemProxy */ = {
			isa = PBXContainerItemProxy;
			containerPortal = 187EDE082F4B9E9F00C4E1EC /* Project object */;
			proxyType = 1;
			remoteGlobalIDString = 187EDE0F2F4B9E9F00C4E1EC;
			remoteInfo = "WebSocket-E2EE-Chat-iOS";
		};
/* End PBXContainerItemProxy section */

/* Begin PBXFileReference section */
		187EDE102F4B9E9F00C4E1EC /* WebSocket-E2EE-Chat-iOS.app */ = {isa = PBXFileReference; explicitFileType = wrapper.application; includeInIndex = 0; path = "WebSocket-E2EE-Chat-iOS.app"; sourceTree = BUILT_PRODUCTS_DIR; };
		187EDE1D2F4B9EA000C4E1EC /* WebSocket-E2EE-Chat-iOSTests.xctest */ = {isa = PBXFileReference; explicitFileType = wrapper.cfbundle; includeInIndex = 0; path = "WebSocket-E2EE-Chat-iOSTests.xctest"; sourceTree = BUILT_PRODUCTS_DIR; };
		187EDE272F4B9EA000C4E1EC /* WebSocket-E2EE-Chat-iOSUITests.xctest */ = {isa = PBXFileReference; explicitFileType = wrapper.cfbundle; includeInIndex = 0; path = "WebSocket-E2EE-Chat-iOSUITests.xctest"; sourceTree = BUILT_PRODUCTS_DIR; };
/* End PBXFileReference section */

/* Begin PBXFileSystemSynchronizedBuildFileExceptionSet section */
		18AD14962F6AECA700F2AC6E /* Exceptions for "WebSocket-E2EE-Chat-iOS" folder in "WebSocket-E2EE-Chat-iOS" target */ = {
			isa = PBXFileSystemSynchronizedBuildFileExceptionSet;
			membershipExceptions = (
				Info.plist,
			);
			target = 187EDE0F2F4B9E9F00C4E1EC /* WebSocket-E2EE-Chat-iOS */;
		};
/* End PBXFileSystemSynchronizedBuildFileExceptionSet section */

/* Begin PBXFileSystemSynchronizedRootGroup section */
		187EDE122F4B9E9F00C4E1EC /* WebSocket-E2EE-Chat-iOS */ = {
			isa = PBXFileSystemSynchronizedRootGroup;
			exceptions = (
				18AD14962F6AECA700F2AC6E /* Exceptions for "WebSocket-E2EE-Chat-iOS" folder in "WebSocket-E2EE-Chat-iOS" target */,
			);
			path = "WebSocket-E2EE-Chat-iOS";
			sourceTree = "<group>";
		};
		187EDE202F4B9EA000C4E1EC /* WebSocket-E2EE-Chat-iOSTests */ = {
			isa = PBXFileSystemSynchronizedRootGroup;
			path = "WebSocket-E2EE-Chat-iOSTests";
			sourceTree = "<group>";
		};
		187EDE2A2F4B9EA000C4E1EC /* WebSocket-E2EE-Chat-iOSUITests */ = {
			isa = PBXFileSystemSynchronizedRootGroup;
			path = "WebSocket-E2EE-Chat-iOSUITests";
			sourceTree = "<group>";
		};
/* End PBXFileSystemSynchronizedRootGroup section */

/* Begin PBXFrameworksBuildPhase section */
		187EDE0D2F4B9E9F00C4E1EC /* Frameworks */ = {
			isa = PBXFrameworksBuildPhase;
			buildActionMask = 2147483647;
			files = (
			);
			runOnlyForDeploymentPostprocessing = 0;
		};
		187EDE1A2F4B9EA000C4E1EC /* Frameworks */ = {
			isa = PBXFrameworksBuildPhase;
			buildActionMask = 2147483647;
			files = (
			);
			runOnlyForDeploymentPostprocessing = 0;
		};
		187EDE242F4B9EA000C4E1EC /* Frameworks */ = {
			isa = PBXFrameworksBuildPhase;
			buildActionMask = 2147483647;
			files = (
			);
			runOnlyForDeploymentPostprocessing = 0;
		};
/* End PBXFrameworksBuildPhase section */

/* Begin PBXGroup section */
		187EDE072F4B9E9F00C4E1EC = {
			isa = PBXGroup;
			children = (
				187EDE122F4B9E9F00C4E1EC /* WebSocket-E2EE-Chat-iOS */,
				187EDE202F4B9EA000C4E1EC /* WebSocket-E2EE-Chat-iOSTests */,
				187EDE2A2F4B9EA000C4E1EC /* WebSocket-E2EE-Chat-iOSUITests */,
				187EDE112F4B9E9F00C4E1EC /* Products */,
			);
			sourceTree = "<group>";
		};
		187EDE112F4B9E9F00C4E1EC /* Products */ = {
			isa = PBXGroup;
			children = (
				187EDE102F4B9E9F00C4E1EC /* WebSocket-E2EE-Chat-iOS.app */,
				187EDE1D2F4B9EA000C4E1EC /* WebSocket-E2EE-Chat-iOSTests.xctest */,
				187EDE272F4B9EA000C4E1EC /* WebSocket-E2EE-Chat-iOSUITests.xctest */,
			);
			name = Products;
			sourceTree = "<group>";
		};
/* End PBXGroup section */

/* Begin PBXNativeTarget section */
		187EDE0F2F4B9E9F00C4E1EC /* WebSocket-E2EE-Chat-iOS */ = {
			isa = PBXNativeTarget;
			buildConfigurationList = 187EDE312F4B9EA000C4E1EC /* Build configuration list for PBXNativeTarget "WebSocket-E2EE-Chat-iOS" */;
			buildPhases = (
				187EDE0C2F4B9E9F00C4E1EC /* Sources */,
				187EDE0D2F4B9E9F00C4E1EC /* Frameworks */,
				187EDE0E2F4B9E9F00C4E1EC /* Resources */,
			);
			buildRules = (
			);
			dependencies = (
			);
			fileSystemSynchronizedGroups = (
				187EDE122F4B9E9F00C4E1EC /* WebSocket-E2EE-Chat-iOS */,
			);
			name = "WebSocket-E2EE-Chat-iOS";
			packageProductDependencies = (
			);
			productName = "WebSocket-E2EE-Chat-iOS";
			productReference = 187EDE102F4B9E9F00C4E1EC /* WebSocket-E2EE-Chat-iOS.app */;
			productType = "com.apple.product-type.application";
		};
		187EDE1C2F4B9EA000C4E1EC /* WebSocket-E2EE-Chat-iOSTests */ = {
			isa = PBXNativeTarget;
			buildConfigurationList = 187EDE342F4B9EA000C4E1EC /* Build configuration list for PBXNativeTarget "WebSocket-E2EE-Chat-iOSTests" */;
			buildPhases = (
				187EDE192F4B9EA000C4E1EC /* Sources */,
				187EDE1A2F4B9EA000C4E1EC /* Frameworks */,
				187EDE1B2F4B9EA000C4E1EC /* Resources */,
			);
			buildRules = (
			);
			dependencies = (
				187EDE1F2F4B9EA000C4E1EC /* PBXTargetDependency */,
			);
			fileSystemSynchronizedGroups = (
				187EDE202F4B9EA000C4E1EC /* WebSocket-E2EE-Chat-iOSTests */,
			);
			name = "WebSocket-E2EE-Chat-iOSTests";
			packageProductDependencies = (
			);
			productName = "WebSocket-E2EE-Chat-iOSTests";
			productReference = 187EDE1D2F4B9EA000C4E1EC /* WebSocket-E2EE-Chat-iOSTests.xctest */;
			productType = "com.apple.product-type.bundle.unit-test";
		};
		187EDE262F4B9EA000C4E1EC /* WebSocket-E2EE-Chat-iOSUITests */ = {
			isa = PBXNativeTarget;
			buildConfigurationList = 187EDE372F4B9EA000C4E1EC /* Build configuration list for PBXNativeTarget "WebSocket-E2EE-Chat-iOSUITests" */;
			buildPhases = (
				187EDE232F4B9EA000C4E1EC /* Sources */,
				187EDE242F4B9EA000C4E1EC /* Frameworks */,
				187EDE252F4B9EA000C4E1EC /* Resources */,
			);
			buildRules = (
			);
			dependencies = (
				187EDE292F4B9EA000C4E1EC /* PBXTargetDependency */,
			);
			fileSystemSynchronizedGroups = (
				187EDE2A2F4B9EA000C4E1EC /* WebSocket-E2EE-Chat-iOSUITests */,
			);
			name = "WebSocket-E2EE-Chat-iOSUITests";
			packageProductDependencies = (
			);
			productName = "WebSocket-E2EE-Chat-iOSUITests";
			productReference = 187EDE272F4B9EA000C4E1EC /* WebSocket-E2EE-Chat-iOSUITests.xctest */;
			productType = "com.apple.product-type.bundle.ui-testing";
		};
/* End PBXNativeTarget section */

/* Begin PBXProject section */
		187EDE082F4B9E9F00C4E1EC /* Project object */ = {
			isa = PBXProject;
			attributes = {
				BuildIndependentTargetsInParallel = 1;
				LastSwiftUpdateCheck = 2610;
				LastUpgradeCheck = 2610;
				TargetAttributes = {
					187EDE0F2F4B9E9F00C4E1EC = {
						CreatedOnToolsVersion = 26.1.1;
					};
					187EDE1C2F4B9EA000C4E1EC = {
						CreatedOnToolsVersion = 26.1.1;
						TestTargetID = 187EDE0F2F4B9E9F00C4E1EC;
					};
					187EDE262F4B9EA000C4E1EC = {
						CreatedOnToolsVersion = 26.1.1;
						TestTargetID = 187EDE0F2F4B9E9F00C4E1EC;
					};
				};
			};
			buildConfigurationList = 187EDE0B2F4B9E9F00C4E1EC /* Build configuration list for PBXProject "WebSocket-E2EE-Chat-iOS" */;
			developmentRegion = en;
			hasScannedForEncodings = 0;
			knownRegions = (
				en,
				Base,
			);
			mainGroup = 187EDE072F4B9E9F00C4E1EC;
			minimizedProjectReferenceProxies = 1;
			preferredProjectObjectVersion = 77;
			productRefGroup = 187EDE112F4B9E9F00C4E1EC /* Products */;
			projectDirPath = "";
			projectRoot = "";
			targets = (
				187EDE0F2F4B9E9F00C4E1EC /* WebSocket-E2EE-Chat-iOS */,
				187EDE1C2F4B9EA000C4E1EC /* WebSocket-E2EE-Chat-iOSTests */,
				187EDE262F4B9EA000C4E1EC /* WebSocket-E2EE-Chat-iOSUITests */,
			);
		};
/* End PBXProject section */

/* Begin PBXResourcesBuildPhase section */
		187EDE0E2F4B9E9F00C4E1EC /* Resources */ = {
			isa = PBXResourcesBuildPhase;
			buildActionMask = 2147483647;
			files = (
			);
			runOnlyForDeploymentPostprocessing = 0;
		};
		187EDE1B2F4B9EA000C4E1EC /* Resources */ = {
			isa = PBXResourcesBuildPhase;
			buildActionMask = 2147483647;
			files = (
			);
			runOnlyForDeploymentPostprocessing = 0;
		};
		187EDE252F4B9EA000C4E1EC /* Resources */ = {
			isa = PBXResourcesBuildPhase;
			buildActionMask = 2147483647;
			files = (
			);
			runOnlyForDeploymentPostprocessing = 0;
		};
/* End PBXResourcesBuildPhase section */

/* Begin PBXSourcesBuildPhase section */
		187EDE0C2F4B9E9F00C4E1EC /* Sources */ = {
			isa = PBXSourcesBuildPhase;
			buildActionMask = 2147483647;
			files = (
			);
			runOnlyForDeploymentPostprocessing = 0;
		};
		187EDE192F4B9EA000C4E1EC /* Sources */ = {
			isa = PBXSourcesBuildPhase;
			buildActionMask = 2147483647;
			files = (
			);
			runOnlyForDeploymentPostprocessing = 0;
		};
		187EDE232F4B9EA000C4E1EC /* Sources */ = {
			isa = PBXSourcesBuildPhase;
			buildActionMask = 2147483647;
			files = (
			);
			runOnlyForDeploymentPostprocessing = 0;
		};
/* End PBXSourcesBuildPhase section */

/* Begin PBXTargetDependency section */
		187EDE1F2F4B9EA000C4E1EC /* PBXTargetDependency */ = {
			isa = PBXTargetDependency;
			target = 187EDE0F2F4B9E9F00C4E1EC /* WebSocket-E2EE-Chat-iOS */;
			targetProxy = 187EDE1E2F4B9EA000C4E1EC /* PBXContainerItemProxy */;
		};
		187EDE292F4B9EA000C4E1EC /* PBXTargetDependency */ = {
			isa = PBXTargetDependency;
			target = 187EDE0F2F4B9E9F00C4E1EC /* WebSocket-E2EE-Chat-iOS */;
			targetProxy = 187EDE282F4B9EA000C4E1EC /* PBXContainerItemProxy */;
		};
/* End PBXTargetDependency section */

/* Begin XCBuildConfiguration section */
		187EDE2F2F4B9EA000C4E1EC /* Debug */ = {
			isa = XCBuildConfiguration;
			buildSettings = {
				ALWAYS_SEARCH_USER_PATHS = NO;
				ASSETCATALOG_COMPILER_GENERATE_SWIFT_ASSET_SYMBOL_EXTENSIONS = YES;
				CLANG_ANALYZER_NONNULL = YES;
				CLANG_ANALYZER_NUMBER_OBJECT_CONVERSION = YES_AGGRESSIVE;
				CLANG_CXX_LANGUAGE_STANDARD = "gnu++20";
				CLANG_ENABLE_MODULES = YES;
				CLANG_ENABLE_OBJC_ARC = YES;
				CLANG_ENABLE_OBJC_WEAK = YES;
				CLANG_WARN_BLOCK_CAPTURE_AUTORELEASING = YES;
				CLANG_WARN_BOOL_CONVERSION = YES;
				CLANG_WARN_COMMA = YES;
				CLANG_WARN_CONSTANT_CONVERSION = YES;
				CLANG_WARN_DEPRECATED_OBJC_IMPLEMENTATIONS = YES;
				CLANG_WARN_DIRECT_OBJC_ISA_USAGE = YES_ERROR;
				CLANG_WARN_DOCUMENTATION_COMMENTS = YES;
				CLANG_WARN_EMPTY_BODY = YES;
				CLANG_WARN_ENUM_CONVERSION = YES;
				CLANG_WARN_INFINITE_RECURSION = YES;
				CLANG_WARN_INT_CONVERSION = YES;
				CLANG_WARN_NON_LITERAL_NULL_CONVERSION = YES;
				CLANG_WARN_OBJC_IMPLICIT_RETAIN_SELF = YES;
				CLANG_WARN_OBJC_LITERAL_CONVERSION = YES;
				CLANG_WARN_OBJC_ROOT_CLASS = YES_ERROR;
				CLANG_WARN_QUOTED_INCLUDE_IN_FRAMEWORK_HEADER = YES;
				CLANG_WARN_RANGE_LOOP_ANALYSIS = YES;
				CLANG_WARN_STRICT_PROTOTYPES = YES;
				CLANG_WARN_SUSPICIOUS_MOVE = YES;
				CLANG_WARN_UNGUARDED_AVAILABILITY = YES_AGGRESSIVE;
				CLANG_WARN_UNREACHABLE_CODE = YES;
				CLANG_WARN__DUPLICATE_METHOD_MATCH = YES;
				COPY_PHASE_STRIP = NO;
				DEBUG_INFORMATION_FORMAT = dwarf;
				DEVELOPMENT_TEAM = 2XCBPXSP84;
				ENABLE_STRICT_OBJC_MSGSEND = YES;
				ENABLE_TESTABILITY = YES;
				ENABLE_USER_SCRIPT_SANDBOXING = YES;
				GCC_C_LANGUAGE_STANDARD = gnu17;
				GCC_DYNAMIC_NO_PIC = NO;
				GCC_NO_COMMON_BLOCKS = YES;
				GCC_OPTIMIZATION_LEVEL = 0;
				GCC_PREPROCESSOR_DEFINITIONS = (
					"DEBUG=1",
					"$(inherited)",
				);
				GCC_WARN_64_TO_32_BIT_CONVERSION = YES;
				GCC_WARN_ABOUT_RETURN_TYPE = YES_ERROR;
				GCC_WARN_UNDECLARED_SELECTOR = YES;
				GCC_WARN_UNINITIALIZED_AUTOS = YES_AGGRESSIVE;
				GCC_WARN_UNUSED_FUNCTION = YES;
				GCC_WARN_UNUSED_VARIABLE = YES;
				IPHONEOS_DEPLOYMENT_TARGET = 26.1;
				LOCALIZATION_PREFERS_STRING_CATALOGS = YES;
				MTL_ENABLE_DEBUG_INFO = INCLUDE_SOURCE;
				MTL_FAST_MATH = YES;
				ONLY_ACTIVE_ARCH = YES;
				SDKROOT = iphoneos;
				SWIFT_ACTIVE_COMPILATION_CONDITIONS = "DEBUG $(inherited)";
				SWIFT_OPTIMIZATION_LEVEL = "-Onone";
			};
			name = Debug;
		};
		187EDE302F4B9EA000C4E1EC /* Release */ = {
			isa = XCBuildConfiguration;
			buildSettings = {
				ALWAYS_SEARCH_USER_PATHS = NO;
				ASSETCATALOG_COMPILER_GENERATE_SWIFT_ASSET_SYMBOL_EXTENSIONS = YES;
				CLANG_ANALYZER_NONNULL = YES;
				CLANG_ANALYZER_NUMBER_OBJECT_CONVERSION = YES_AGGRESSIVE;
				CLANG_CXX_LANGUAGE_STANDARD = "gnu++20";
				CLANG_ENABLE_MODULES = YES;
				CLANG_ENABLE_OBJC_ARC = YES;
				CLANG_ENABLE_OBJC_WEAK = YES;
				CLANG_WARN_BLOCK_CAPTURE_AUTORELEASING = YES;
				CLANG_WARN_BOOL_CONVERSION = YES;
				CLANG_WARN_COMMA = YES;
				CLANG_WARN_CONSTANT_CONVERSION = YES;
				CLANG_WARN_DEPRECATED_OBJC_IMPLEMENTATIONS = YES;
				CLANG_WARN_DIRECT_OBJC_ISA_USAGE = YES_ERROR;
				CLANG_WARN_DOCUMENTATION_COMMENTS = YES;
				CLANG_WARN_EMPTY_BODY = YES;
				CLANG_WARN_ENUM_CONVERSION = YES;
				CLANG_WARN_INFINITE_RECURSION = YES;
				CLANG_WARN_INT_CONVERSION = YES;
				CLANG_WARN_NON_LITERAL_NULL_CONVERSION = YES;
				CLANG_WARN_OBJC_IMPLICIT_RETAIN_SELF = YES;
				CLANG_WARN_OBJC_LITERAL_CONVERSION = YES;
				CLANG_WARN_OBJC_ROOT_CLASS = YES_ERROR;
				CLANG_WARN_QUOTED_INCLUDE_IN_FRAMEWORK_HEADER = YES;
				CLANG_WARN_RANGE_LOOP_ANALYSIS = YES;
				CLANG_WARN_STRICT_PROTOTYPES = YES;
				CLANG_WARN_SUSPICIOUS_MOVE = YES;
				CLANG_WARN_UNGUARDED_AVAILABILITY = YES_AGGRESSIVE;
				CLANG_WARN_UNREACHABLE_CODE = YES;
				CLANG_WARN__DUPLICATE_METHOD_MATCH = YES;
				COPY_PHASE_STRIP = NO;
				DEBUG_INFORMATION_FORMAT = "dwarf-with-dsym";
				DEVELOPMENT_TEAM = 2XCBPXSP84;
				ENABLE_NS_ASSERTIONS = NO;
				ENABLE_STRICT_OBJC_MSGSEND = YES;
				ENABLE_USER_SCRIPT_SANDBOXING = YES;
				GCC_C_LANGUAGE_STANDARD = gnu17;
				GCC_NO_COMMON_BLOCKS = YES;
				GCC_WARN_64_TO_32_BIT_CONVERSION = YES;
				GCC_WARN_ABOUT_RETURN_TYPE = YES_ERROR;
				GCC_WARN_UNDECLARED_SELECTOR = YES;
				GCC_WARN_UNINITIALIZED_AUTOS = YES_AGGRESSIVE;
				GCC_WARN_UNUSED_FUNCTION = YES;
				GCC_WARN_UNUSED_VARIABLE = YES;
				IPHONEOS_DEPLOYMENT_TARGET = 26.1;
				LOCALIZATION_PREFERS_STRING_CATALOGS = YES;
				MTL_ENABLE_DEBUG_INFO = NO;
				MTL_FAST_MATH = YES;
				SDKROOT = iphoneos;
				SWIFT_COMPILATION_MODE = wholemodule;
				VALIDATE_PRODUCT = YES;
			};
			name = Release;
		};
		187EDE322F4B9EA000C4E1EC /* Debug */ = {
			isa = XCBuildConfiguration;
			buildSettings = {
				ASSETCATALOG_COMPILER_APPICON_NAME = AppIcon;
				ASSETCATALOG_COMPILER_GLOBAL_ACCENT_COLOR_NAME = AccentColor;
				CODE_SIGN_STYLE = Automatic;
				CURRENT_PROJECT_VERSION = 1;
				DEVELOPMENT_TEAM = 2XCBPXSP84;
				ENABLE_PREVIEWS = YES;
				GENERATE_INFOPLIST_FILE = YES;
				INFOPLIST_FILE = "WebSocket-E2EE-Chat-iOS/Info.plist";
				INFOPLIST_KEY_UIApplicationSceneManifest_Generation = YES;
				INFOPLIST_KEY_UIApplicationSupportsIndirectInputEvents = YES;
				INFOPLIST_KEY_UILaunchScreen_Generation = YES;
				INFOPLIST_KEY_UISupportedInterfaceOrientations_iPad = "UIInterfaceOrientationPortrait UIInterfaceOrientationPortraitUpsideDown UIInterfaceOrientationLandscapeLeft UIInterfaceOrientationLandscapeRight";
				INFOPLIST_KEY_UISupportedInterfaceOrientations_iPhone = "UIInterfaceOrientationPortrait UIInterfaceOrientationLandscapeLeft UIInterfaceOrientationLandscapeRight";
				LD_RUNPATH_SEARCH_PATHS = (
					"$(inherited)",
					"@executable_path/Frameworks",
				);
				MARKETING_VERSION = 1.0;
				PRODUCT_BUNDLE_IDENTIFIER = "com.gokalpgurocak.WebSocket-E2EE-Chat-iOS";
				PRODUCT_NAME = "$(TARGET_NAME)";
				STRING_CATALOG_GENERATE_SYMBOLS = YES;
				SWIFT_APPROACHABLE_CONCURRENCY = YES;
				SWIFT_DEFAULT_ACTOR_ISOLATION = MainActor;
				SWIFT_EMIT_LOC_STRINGS = YES;
				SWIFT_UPCOMING_FEATURE_MEMBER_IMPORT_VISIBILITY = YES;
				SWIFT_VERSION = 5.0;
				TARGETED_DEVICE_FAMILY = "1,2";
			};
			name = Debug;
		};
		187EDE332F4B9EA000C4E1EC /* Release */ = {
			isa = XCBuildConfiguration;
			buildSettings = {
				ASSETCATALOG_COMPILER_APPICON_NAME = AppIcon;
				ASSETCATALOG_COMPILER_GLOBAL_ACCENT_COLOR_NAME = AccentColor;
				CODE_SIGN_STYLE = Automatic;
				CURRENT_PROJECT_VERSION = 1;
				DEVELOPMENT_TEAM = 2XCBPXSP84;
				ENABLE_PREVIEWS = YES;
				GENERATE_INFOPLIST_FILE = YES;
				INFOPLIST_FILE = "WebSocket-E2EE-Chat-iOS/Info.plist";
				INFOPLIST_KEY_UIApplicationSceneManifest_Generation = YES;
				INFOPLIST_KEY_UIApplicationSupportsIndirectInputEvents = YES;
				INFOPLIST_KEY_UILaunchScreen_Generation = YES;
				INFOPLIST_KEY_UISupportedInterfaceOrientations_iPad = "UIInterfaceOrientationPortrait UIInterfaceOrientationPortraitUpsideDown UIInterfaceOrientationLandscapeLeft UIInterfaceOrientationLandscapeRight";
				INFOPLIST_KEY_UISupportedInterfaceOrientations_iPhone = "UIInterfaceOrientationPortrait UIInterfaceOrientationLandscapeLeft UIInterfaceOrientationLandscapeRight";
				LD_RUNPATH_SEARCH_PATHS = (
					"$(inherited)",
					"@executable_path/Frameworks",
				);
				MARKETING_VERSION = 1.0;
				PRODUCT_BUNDLE_IDENTIFIER = "com.gokalpgurocak.WebSocket-E2EE-Chat-iOS";
				PRODUCT_NAME = "$(TARGET_NAME)";
				STRING_CATALOG_GENERATE_SYMBOLS = YES;
				SWIFT_APPROACHABLE_CONCURRENCY = YES;
				SWIFT_DEFAULT_ACTOR_ISOLATION = MainActor;
				SWIFT_EMIT_LOC_STRINGS = YES;
				SWIFT_UPCOMING_FEATURE_MEMBER_IMPORT_VISIBILITY = YES;
				SWIFT_VERSION = 5.0;
				TARGETED_DEVICE_FAMILY = "1,2";
			};
			name = Release;
		};
		187EDE352F4B9EA000C4E1EC /* Debug */ = {
			isa = XCBuildConfiguration;
			buildSettings = {
				BUNDLE_LOADER = "$(TEST_HOST)";
				CODE_SIGN_STYLE = Automatic;
				CURRENT_PROJECT_VERSION = 1;
				DEVELOPMENT_TEAM = 2XCBPXSP84;
				GENERATE_INFOPLIST_FILE = YES;
				IPHONEOS_DEPLOYMENT_TARGET = 26.1;
				MARKETING_VERSION = 1.0;
				PRODUCT_BUNDLE_IDENTIFIER = "com.gokalpgurocak.WebSocket-E2EE-Chat-iOSTests";
				PRODUCT_NAME = "$(TARGET_NAME)";
				STRING_CATALOG_GENERATE_SYMBOLS = NO;
				SWIFT_APPROACHABLE_CONCURRENCY = YES;
				SWIFT_EMIT_LOC_STRINGS = NO;
				SWIFT_UPCOMING_FEATURE_MEMBER_IMPORT_VISIBILITY = YES;
				SWIFT_VERSION = 5.0;
				TARGETED_DEVICE_FAMILY = "1,2";
				TEST_HOST = "$(BUILT_PRODUCTS_DIR)/WebSocket-E2EE-Chat-iOS.app/$(BUNDLE_EXECUTABLE_FOLDER_PATH)/WebSocket-E2EE-Chat-iOS";
			};
			name = Debug;
		};
		187EDE362F4B9EA000C4E1EC /* Release */ = {
			isa = XCBuildConfiguration;
			buildSettings = {
				BUNDLE_LOADER = "$(TEST_HOST)";
				CODE_SIGN_STYLE = Automatic;
				CURRENT_PROJECT_VERSION = 1;
				DEVELOPMENT_TEAM = 2XCBPXSP84;
				GENERATE_INFOPLIST_FILE = YES;
				IPHONEOS_DEPLOYMENT_TARGET = 26.1;
				MARKETING_VERSION = 1.0;
				PRODUCT_BUNDLE_IDENTIFIER = "com.gokalpgurocak.WebSocket-E2EE-Chat-iOSTests";
				PRODUCT_NAME = "$(TARGET_NAME)";
				STRING_CATALOG_GENERATE_SYMBOLS = NO;
				SWIFT_APPROACHABLE_CONCURRENCY = YES;
				SWIFT_EMIT_LOC_STRINGS = NO;
				SWIFT_UPCOMING_FEATURE_MEMBER_IMPORT_VISIBILITY = YES;
				SWIFT_VERSION = 5.0;
				TARGETED_DEVICE_FAMILY = "1,2";
				TEST_HOST = "$(BUILT_PRODUCTS_DIR)/WebSocket-E2EE-Chat-iOS.app/$(BUNDLE_EXECUTABLE_FOLDER_PATH)/WebSocket-E2EE-Chat-iOS";
			};
			name = Release;
		};
		187EDE382F4B9EA000C4E1EC /* Debug */ = {
			isa = XCBuildConfiguration;
			buildSettings = {
				CODE_SIGN_STYLE = Automatic;
				CURRENT_PROJECT_VERSION = 1;
				DEVELOPMENT_TEAM = 2XCBPXSP84;
				GENERATE_INFOPLIST_FILE = YES;
				MARKETING_VERSION = 1.0;
				PRODUCT_BUNDLE_IDENTIFIER = "com.gokalpgurocak.WebSocket-E2EE-Chat-iOSUITests";
				PRODUCT_NAME = "$(TARGET_NAME)";
				STRING_CATALOG_GENERATE_SYMBOLS = NO;
				SWIFT_APPROACHABLE_CONCURRENCY = YES;
				SWIFT_EMIT_LOC_STRINGS = NO;
				SWIFT_UPCOMING_FEATURE_MEMBER_IMPORT_VISIBILITY = YES;
				SWIFT_VERSION = 5.0;
				TARGETED_DEVICE_FAMILY = "1,2";
				TEST_TARGET_NAME = "WebSocket-E2EE-Chat-iOS";
			};
			name = Debug;
		};
		187EDE392F4B9EA000C4E1EC /* Release */ = {
			isa = XCBuildConfiguration;
			buildSettings = {
				CODE_SIGN_STYLE = Automatic;
				CURRENT_PROJECT_VERSION = 1;
				DEVELOPMENT_TEAM = 2XCBPXSP84;
				GENERATE_INFOPLIST_FILE = YES;
				MARKETING_VERSION = 1.0;
				PRODUCT_BUNDLE_IDENTIFIER = "com.gokalpgurocak.WebSocket-E2EE-Chat-iOSUITests";
				PRODUCT_NAME = "$(TARGET_NAME)";
				STRING_CATALOG_GENERATE_SYMBOLS = NO;
				SWIFT_APPROACHABLE_CONCURRENCY = YES;
				SWIFT_EMIT_LOC_STRINGS = NO;
				SWIFT_UPCOMING_FEATURE_MEMBER_IMPORT_VISIBILITY = YES;
				SWIFT_VERSION = 5.0;
				TARGETED_DEVICE_FAMILY = "1,2";
				TEST_TARGET_NAME = "WebSocket-E2EE-Chat-iOS";
			};
			name = Release;
		};
/* End XCBuildConfiguration section */

/* Begin XCConfigurationList section */
		187EDE0B2F4B9E9F00C4E1EC /* Build configuration list for PBXProject "WebSocket-E2EE-Chat-iOS" */ = {
			isa = XCConfigurationList;
			buildConfigurations = (
				187EDE2F2F4B9EA000C4E1EC /* Debug */,
				187EDE302F4B9EA000C4E1EC /* Release */,
			);
			defaultConfigurationIsVisible = 0;
			defaultConfigurationName = Release;
		};
		187EDE312F4B9EA000C4E1EC /* Build configuration list for PBXNativeTarget "WebSocket-E2EE-Chat-iOS" */ = {
			isa = XCConfigurationList;
			buildConfigurations = (
				187EDE322F4B9EA000C4E1EC /* Debug */,
				187EDE332F4B9EA000C4E1EC /* Release */,
			);
			defaultConfigurationIsVisible = 0;
			defaultConfigurationName = Release;
		};
		187EDE342F4B9EA000C4E1EC /* Build configuration list for PBXNativeTarget "WebSocket-E2EE-Chat-iOSTests" */ = {
			isa = XCConfigurationList;
			buildConfigurations = (
				187EDE352F4B9EA000C4E1EC /* Debug */,
				187EDE362F4B9EA000C4E1EC /* Release */,
			);
			defaultConfigurationIsVisible = 0;
			defaultConfigurationName = Release;
		};
		187EDE372F4B9EA000C4E1EC /* Build configuration list for PBXNativeTarget "WebSocket-E2EE-Chat-iOSUITests" */ = {
			isa = XCConfigurationList;
			buildConfigurations = (
				187EDE382F4B9EA000C4E1EC /* Debug */,
				187EDE392F4B9EA000C4E1EC /* Release */,
			);
			defaultConfigurationIsVisible = 0;
			defaultConfigurationName = Release;
		};
/* End XCConfigurationList section */
	};
	rootObject = 187EDE082F4B9E9F00C4E1EC /* Project object */;
}
